{
  "name": "openclaw-on-nixos",
  "version": "0.1.0",
  "lockfileVersion": 3,
  "requires": true,
  "packages": {
    "": {
      "name": "openclaw-on-nixos",
      "version": "0.1.0",
      "workspaces": [
        "apps/*",
        "services/*",
        "packages/*"
      ],
      "devDependencies": {
        "typescript": "^5.9.3"
      }
    },
    "apps/observer-ui": {
      "name": "@openclaw/observer-ui",
      "version": "0.1.0"
    },
    "node_modules/@openclaw/observer-ui": {
      "resolved": "apps/observer-ui",
      "link": true
    },
    "node_modules/@openclaw/openclaw-browser-runtime": {
      "resolved": "services/openclaw-browser-runtime",
      "link": true
    },
    "node_modules/@openclaw/openclaw-core": {
      "resolved": "services/openclaw-core",
      "link": true
    },
    "node_modules/@openclaw/openclaw-event-hub": {
      "resolved": "services/openclaw-event-hub",
      "link": true
    },
    "node_modules/@openclaw/openclaw-screen-act": {
      "resolved": "services/openclaw-screen-act",
      "link": true
    },
    "node_modules/@openclaw/openclaw-screen-sense": {
      "resolved": "services/openclaw-screen-sense",
      "link": true
    },
    "node_modules/@openclaw/openclaw-session-manager": {
      "resolved": "services/openclaw-session-manager",
      "link": true
    },
    "node_modules/@openclaw/openclaw-system-heal": {
      "resolved": "services/openclaw-system-heal",
      "link": true
    },
    "node_modules/@openclaw/openclaw-system-sense": {
      "resolved": "services/openclaw-system-sense",
      "link": true
    },
    "node_modules/@openclaw/plugin-runtime": {
      "resolved": "packages/plugin-runtime",
      "link": true
    },
    "node_modules/@openclaw/shared-client": {
      "resolved": "packages/shared-client",
      "link": true
    },
    "node_modules/@openclaw/shared-events": {
      "resolved": "packages/shared-events",
      "link": true
    },
    "node_modules/@openclaw/shared-types": {
      "resolved": "packages/shared-types",
      "link": true
    },
    "node_modules/@openclaw/shared-utils": {
      "resolved": "packages/shared-utils",
      "link": true
    },
    "node_modules/typescript": {
      "version": "5.9.3",
      "resolved": "https://registry.npmjs.org/typescript/-/typescript-5.9.3.tgz",
      "integrity": "sha512-jl1vZzPDinLr9eUt3J/t7V6FgNEw9QjvBPdysz9KfQDD41fQrC2Y4vKQdiaUpFT4bXlb1RHhLpp8wtm6M5TgSw==",
      "dev": true,
      "license": "Apache-2.0",
      "bin": {
        "tsc": "bin/tsc",
        "tsserver": "bin/tsserver"
      },
      "engines": {
        "node": ">=14.17"
      }
    },
    "packages/plugin-runtime": {
      "name": "@openclaw/plugin-runtime",
      "version": "0.1.0"
    },
    "packages/shared-client": {
      "name": "@openclaw/shared-client",
      "version": "0.1.0"
    },
    "packages/shared-events": {
      "name": "@openclaw/shared-events",
      "version": "0.1.0",
      "dependencies": {
        "@openclaw/shared-types": "0.1.0"
      }
    },
    "packages/shared-types": {
      "name": "@openclaw/shared-types",
      "version": "0.1.0"
    },
    "packages/shared-utils": {
      "name": "@openclaw/shared-utils",
      "version": "0.1.0"
    },
    "services/openclaw-browser-runtime": {
      "name": "@openclaw/openclaw-browser-runtime",
      "version": "0.1.0"
    },
    "services/openclaw-core": {
      "name": "@openclaw/openclaw-core",
      "version": "0.1.0"
    },
    "services/openclaw-event-hub": {
      "name": "@openclaw/openclaw-event-hub",
      "version": "0.1.0"
    },
    "services/openclaw-screen-act": {
      "name": "@openclaw/openclaw-screen-act",
      "version": "0.1.0"
    },
    "services/openclaw-screen-sense": {
      "name": "@openclaw/openclaw-screen-sense",
      "version": "0.1.0"
    },
    "services/openclaw-session-manager": {
      "name": "@openclaw/openclaw-session-manager",
      "version": "0.1.0"
    },
    "services/openclaw-system-heal": {
      "name": "@openclaw/openclaw-system-heal",
      "version": "0.1.0"
    },
    "services/openclaw-system-sense": {
      "name": "@openclaw/openclaw-system-sense",
      "version": "0.1.0"
    }
  }
}
